
Microsoft Visual Studio Solution File, Format Version 12.00
# Visual Studio 15
VisualStudioVersion = 15.0.27428.2011
MinimumVisualStudioVersion = 10.0.40219.1
Project("{9A19103F-16F7-4668-BE54-9A1E7A4F7556}") = "SQLClient", "SQLClient\SQLClient.csproj", "{28642587-841A-4154-A2D1-12C17D715D8C}"
EndProject
Project("{FAE04EC0-301F-11D3-BF4B-00C04F79EFBC}") = "SQLClient.Tests", "SQLClient.Tests\SQLClient.Tests.csproj", "{60BDB097-CFF7-4B4F-B44F-B7BE240F4DFD}"
EndProject
Global
	GlobalSection(SolutionConfigurationPlatforms) = preSolution
		Debug|Any CPU = Debug|Any CPU
		Release|Any CPU = Release|Any CPU
	EndGlobalSection
	GlobalSection(ProjectConfigurationPlatforms) = postSolution
		{28642587-841A-4154-A2D1-12C17D715D8C}.Debug|Any CPU.ActiveCfg = Debug|Any CPU
		{28642587-841A-4154-A2D1-12C17D715D8C}.Debug|Any CPU.Build.0 = Debug|Any CPU
		{28642587-841A-4154-A2D1-12C17D715D8C}.Release|Any CPU.ActiveCfg = Release|Any CPU
		{28642587-841A-4154-A2D1-12C17D715D8C}.Release|Any CPU.Build.0 = Release|Any CPU
		{60BDB097-CFF7-4B4F-B44F-B7BE240F4DFD}.Debug|Any CPU.ActiveCfg = Debug|Any CPU
		{60BDB097-CFF7-4B4F-B44F-B7BE240F4DFD}.Debug|Any CPU.Build.0 = Debug|Any CPU
		{60BDB097-CFF7-4B4F-B44F-B7BE240F4DFD}.Release|Any CPU.ActiveCfg = Release|Any CPU
		{60BDB097-CFF7-4B4F-B44F-B7BE240F4DFD}.Release|Any CPU.Build.0 = Release|Any CPU
	EndGlobalSection
	GlobalSection(SolutionProperties) = preSolution
		HideSolutionNode = FALSE
	EndGlobalSection
	GlobalSection(ExtensibilityGlobals) = postSolution
		SolutionGuid = {64539714-31EB-40AF-81C4-57928A87BC3F}
	EndGlobalSection
EndGlobal
